
Microsoft Visual Studio Solution File, Format Version 12.00
# Visual Studio Version 17
VisualStudioVersion = 17.1.32210.238
MinimumVisualStudioVersion = 10.0.40219.1
Project("{8BC9CEB8-8B4A-11D0-8D11-00A0C91BC942}") = "Library Mangment System", "Library Mangment System\Library Mangment System.vcxproj", "{BA5669D1-EE22-45E0-BC66-198DFB64D167}"
EndProject
Global
	GlobalSection(SolutionConfigurationPlatforms) = preSolution
		Debug|x64 = Debug|x64
		Debug|x86 = Debug|x86
		Release|x64 = Release|x64
		Release|x86 = Release|x86
	EndGlobalSection
	GlobalSection(ProjectConfigurationPlatforms) = postSolution
		{BA5669D1-EE22-45E0-BC66-198DFB64D167}.Debug|x64.ActiveCfg = Debug|x64
		{BA5669D1-EE22-45E0-BC66-198DFB64D167}.Debug|x64.Build.0 = Debug|x64
		{BA5669D1-EE22-45E0-BC66-198DFB64D167}.Debug|x86.ActiveCfg = Debug|Win32
		{BA5669D1-EE22-45E0-BC66-198DFB64D167}.Debug|x86.Build.0 = Debug|Win32
		{BA5669D1-EE22-45E0-BC66-198DFB64D167}.Release|x64.ActiveCfg = Release|x64
		{BA5669D1-EE22-45E0-BC66-198DFB64D167}.Release|x64.Build.0 = Release|x64
		{BA5669D1-EE22-45E0-BC66-198DFB64D167}.Release|x86.ActiveCfg = Release|Win32
		{BA5669D1-EE22-45E0-BC66-198DFB64D167}.Release|x86.Build.0 = Release|Win32
	EndGlobalSection
	GlobalSection(SolutionProperties) = preSolution
		HideSolutionNode = FALSE
	EndGlobalSection
	GlobalSection(ExtensibilityGlobals) = postSolution
		SolutionGuid = {67253468-B13D-4182-B24F-276E54876007}
	EndGlobalSection
EndGlobal
